// !$*UTF8*$!
{
	archiveVersion = 1;
	classes = {
	};
	objectVersion = 48;
	objects = {

/* Begin PBXBuildFile section */
		806595D020B5376B006A54AB /* AppDelegate.swift in Sources */ = {isa = PBXBuildFile; fileRef = 806595CF20B5376B006A54AB /* AppDelegate.swift */; };
		806595D220B5376B006A54AB /* ViewController.swift in Sources */ = {isa = PBXBuildFile; fileRef = 806595D120B5376B006A54AB /* ViewController.swift */; };
		806595D520B5376B006A54AB /* Main.storyboard in Resources */ = {isa = PBXBuildFile; fileRef = 806595D320B5376B006A54AB /* Main.storyboard */; };
		806595D820B5376B006A54AB /* Segment_switch_slider.xcdatamodeld in Sources */ = {isa = PBXBuildFile; fileRef = 806595D620B5376B006A54AB /* Segment_switch_slider.xcdatamodeld */; };
		806595DA20B5376B006A54AB /* Assets.xcassets in Resources */ = {isa = PBXBuildFile; fileRef = 806595D920B5376B006A54AB /* Assets.xcassets */; };
		806595DD20B5376B006A54AB /* LaunchScreen.storyboard in Resources */ = {isa = PBXBuildFile; fileRef = 806595DB20B5376B006A54AB /* LaunchScreen.storyboard */; };
/* End PBXBuildFile section */

/* Begin PBXFileReference section */
		806595CC20B5376B006A54AB /* Segment,switch,slider.app */ = {isa = PBXFileReference; explicitFileType = wrapper.application; includeInIndex = 0; path = "Segment,switch,slider.app"; sourceTree = BUILT_PRODUCTS_DIR; };
		806595CF20B5376B006A54AB /* AppDelegate.swift */ = {isa = PBXFileReference; lastKnownFileType = sourcecode.swift; path = AppDelegate.swift; sourceTree = "<group>"; };
		806595D120B5376B006A54AB /* ViewController.swift */ = {isa = PBXFileReference; lastKnownFileType = sourcecode.swift; path = ViewController.swift; sourceTree = "<group>"; };
		806595D420B5376B006A54AB /* Base */ = {isa = PBXFileReference; lastKnownFileType = file.storyboard; name = Base; path = Base.lproj/Main.storyboard; sourceTree = "<group>"; };
		806595D720B5376B006A54AB /* Segment_switch_slider.xcdatamodel */ = {isa = PBXFileReference; lastKnownFileType = wrapper.xcdatamodel; path = Segment_switch_slider.xcdatamodel; sourceTree = "<group>"; };
		806595D920B5376B006A54AB /* Assets.xcassets */ = {isa = PBXFileReference; lastKnownFileType = folder.assetcatalog; path = Assets.xcassets; sourceTree = "<group>"; };
		806595DC20B5376B006A54AB /* Base */ = {isa = PBXFileReference; lastKnownFileType = file.storyboard; name = Base; path = Base.lproj/LaunchScreen.storyboard; sourceTree = "<group>"; };
		806595DE20B5376B006A54AB /* Info.plist */ = {isa = PBXFileReference; lastKnownFileType = text.plist.xml; path = Info.plist; sourceTree = "<group>"; };
/* End PBXFileReference section */

/* Begin PBXFrameworksBuildPhase section */
		806595C920B5376B006A54AB /* Frameworks */ = {
			isa = PBXFrameworksBuildPhase;
			buildActionMask = 2147483647;
			files = (
			);
			runOnlyForDeploymentPostprocessing = 0;
		};
/* End PBXFrameworksBuildPhase section */

/* Begin PBXGroup section */
		806595C320B5376B006A54AB = {
			isa = PBXGroup;
			children = (
				806595CE20B5376B006A54AB /* Segment,switch,slider */,
				806595CD20B5376B006A54AB /* Products */,
			);
			sourceTree = "<group>";
		};
		806595CD20B5376B006A54AB /* Products */ = {
			isa = PBXGroup;
			children = (
				806595CC20B5376B006A54AB /* Segment,switch,slider.app */,
			);
			name = Products;
			sourceTree = "<group>";
		};
		806595CE20B5376B006A54AB /* Segment,switch,slider */ = {
			isa = PBXGroup;
			children = (
				806595CF20B5376B006A54AB /* AppDelegate.swift */,
				806595D120B5376B006A54AB /* ViewController.swift */,
				806595D320B5376B006A54AB /* Main.storyboard */,
				806595D920B5376B006A54AB /* Assets.xcassets */,
				806595DB20B5376B006A54AB /* LaunchScreen.storyboard */,
				806595DE20B5376B006A54AB /* Info.plist */,
				806595D620B5376B006A54AB /* Segment_switch_slider.xcdatamodeld */,
			);
			path = "Segment,switch,slider";
			sourceTree = "<group>";
		};
/* End PBXGroup section */

/* Begin PBXNativeTarget section */
		806595CB20B5376B006A54AB /* Segment,switch,slider */ = {
			isa = PBXNativeTarget;
			buildConfigurationList = 806595E120B5376B006A54AB /* Build configuration list for PBXNativeTarget "Segment,switch,slider" */;
			buildPhases = (
				806595C820B5376B006A54AB /* Sources */,
				806595C920B5376B006A54AB /* Frameworks */,
				806595CA20B5376B006A54AB /* Resources */,
			);
			buildRules = (
			);
			dependencies = (
			);
			name = "Segment,switch,slider";
			productName = "Segment,switch,slider";
			productReference = 806595CC20B5376B006A54AB /* Segment,switch,slider.app */;
			productType = "com.apple.product-type.application";
		};
/* End PBXNativeTarget section */

/* Begin PBXProject section */
		806595C420B5376B006A54AB /* Project object */ = {
			isa = PBXProject;
			attributes = {
				LastSwiftUpdateCheck = 0920;
				LastUpgradeCheck = 0920;
				ORGANIZATIONNAME = Vaibhav;
				TargetAttributes = {
					806595CB20B5376B006A54AB = {
						CreatedOnToolsVersion = 9.2;
						ProvisioningStyle = Automatic;
					};
				};
			};
			buildConfigurationList = 806595C720B5376B006A54AB /* Build configuration list for PBXProject "Segment,switch,slider" */;
			compatibilityVersion = "Xcode 8.0";
			developmentRegion = en;
			hasScannedForEncodings = 0;
			knownRegions = (
				en,
				Base,
			);
			mainGroup = 806595C320B5376B006A54AB;
			productRefGroup = 806595CD20B5376B006A54AB /* Products */;
			projectDirPath = "";
			projectRoot = "";
			targets = (
				806595CB20B5376B006A54AB /* Segment,switch,slider */,
			);
		};
/* End PBXProject section */

/* Begin PBXResourcesBuildPhase section */
		806595CA20B5376B006A54AB /* Resources */ = {
			isa = PBXResourcesBuildPhase;
			buildActionMask = 2147483647;
			files = (
				806595DD20B5376B006A54AB /* LaunchScreen.storyboard in Resources */,
				806595DA20B5376B006A54AB /* Assets.xcassets in Resources */,
				806595D520B5376B006A54AB /* Main.storyboard in Resources */,
			);
			runOnlyForDeploymentPostprocessing = 0;
		};
/* End PBXResourcesBuildPhase section */

/* Begin PBXSourcesBuildPhase section */
		806595C820B5376B006A54AB /* Sources */ = {
			isa = PBXSourcesBuildPhase;
			buildActionMask = 2147483647;
			files = (
				806595D220B5376B006A54AB /* ViewController.swift in Sources */,
				806595D820B5376B006A54AB /* Segment_switch_slider.xcdatamodeld in Sources */,
				806595D020B5376B006A54AB /* AppDelegate.swift in Sources */,
			);
			runOnlyForDeploymentPostprocessing = 0;
		};
/* End PBXSourcesBuildPhase section */

/* Begin PBXVariantGroup section */
		806595D320B5376B006A54AB /* Main.storyboard */ = {
			isa = PBXVariantGroup;
			children = (
				806595D420B5376B006A54AB /* Base */,
			);
			name = Main.storyboard;
			sourceTree = "<group>";
		};
		806595DB20B5376B006A54AB /* LaunchScreen.storyboard */ = {
			isa = PBXVariantGroup;
			children = (
				806595DC20B5376B006A54AB /* Base */,
			);
			name = LaunchScreen.storyboard;
			sourceTree = "<group>";
		};
/* End PBXVariantGroup section */

/* Begin XCBuildConfiguration section */
		806595DF20B5376B006A54AB /* Debug */ = {
			isa = XCBuildConfiguration;
			buildSettings = {
				ALWAYS_SEARCH_USER_PATHS = NO;
				CLANG_ANALYZER_NONNULL = YES;
				CLANG_ANALYZER_NUMBER_OBJECT_CONVERSION = YES_AGGRESSIVE;
				CLANG_CXX_LANGUAGE_STANDARD = "gnu++14";
				CLANG_CXX_LIBRARY = "libc++";
				CLANG_ENABLE_MODULES = YES;
				CLANG_ENABLE_OBJC_ARC = YES;
				CLANG_WARN_BLOCK_CAPTURE_AUTORELEASING = YES;
				CLANG_WARN_BOOL_CONVERSION = YES;
				CLANG_WARN_COMMA = YES;
				CLANG_WARN_CONSTANT_CONVERSION = YES;
				CLANG_WARN_DIRECT_OBJC_ISA_USAGE = YES_ERROR;
				CLANG_WARN_DOCUMENTATION_COMMENTS = YES;
				CLANG_WARN_EMPTY_BODY = YES;
				CLANG_WARN_ENUM_CONVERSION = YES;
				CLANG_WARN_INFINITE_RECURSION = YES;
				CLANG_WARN_INT_CONVERSION = YES;
				CLANG_WARN_NON_LITERAL_NULL_CONVERSION = YES;
				CLANG_WARN_OBJC_LITERAL_CONVERSION = YES;
				CLANG_WARN_OBJC_ROOT_CLASS = YES_ERROR;
				CLANG_WARN_RANGE_LOOP_ANALYSIS = YES;
				CLANG_WARN_STRICT_PROTOTYPES = YES;
				CLANG_WARN_SUSPICIOUS_MOVE = YES;
				CLANG_WARN_UNGUARDED_AVAILABILITY = YES_AGGRESSIVE;
				CLANG_WARN_UNREACHABLE_CODE = YES;
				CLANG_WARN__DUPLICATE_METHOD_MATCH = YES;
				CODE_SIGN_IDENTITY = "iPhone Developer";
				COPY_PHASE_STRIP = NO;
				DEBUG_INFORMATION_FORMAT = dwarf;
				ENABLE_STRICT_OBJC_MSGSEND = YES;
				ENABLE_TESTABILITY = YES;
				GCC_C_LANGUAGE_STANDARD = gnu11;
				GCC_DYNAMIC_NO_PIC = NO;
				GCC_NO_COMMON_BLOCKS = YES;
				GCC_OPTIMIZATION_LEVEL = 0;
				GCC_PREPROCESSOR_DEFINITIONS = (
					"DEBUG=1",
					"$(inherited)",
				);
				GCC_WARN_64_TO_32_BIT_CONVERSION = YES;
				GCC_WARN_ABOUT_RETURN_TYPE = YES_ERROR;
				GCC_WARN_UNDECLARED_SELECTOR = YES;
				GCC_WARN_UNINITIALIZED_AUTOS = YES_AGGRESSIVE;
				GCC_WARN_UNUSED_FUNCTION = YES;
				GCC_WARN_UNUSED_VARIABLE = YES;
				IPHONEOS_DEPLOYMENT_TARGET = 11.2;
				MTL_ENABLE_DEBUG_INFO = YES;
				ONLY_ACTIVE_ARCH = YES;
				SDKROOT = iphoneos;
				SWIFT_ACTIVE_COMPILATION_CONDITIONS = DEBUG;
				SWIFT_OPTIMIZATION_LEVEL = "-Onone";
			};
			name = Debug;
		};
		806595E020B5376B006A54AB /* Release */ = {
			isa = XCBuildConfiguration;
			buildSettings = {
				ALWAYS_SEARCH_USER_PATHS = NO;
				CLANG_ANALYZER_NONNULL = YES;
				CLANG_ANALYZER_NUMBER_OBJECT_CONVERSION = YES_AGGRESSIVE;
				CLANG_CXX_LANGUAGE_STANDARD = "gnu++14";
				CLANG_CXX_LIBRARY = "libc++";
				CLANG_ENABLE_MODULES = YES;
				CLANG_ENABLE_OBJC_ARC = YES;
				CLANG_WARN_BLOCK_CAPTURE_AUTORELEASING = YES;
				CLANG_WARN_BOOL_CONVERSION = YES;
				CLANG_WARN_COMMA = YES;
				CLANG_WARN_CONSTANT_CONVERSION = YES;
				CLANG_WARN_DIRECT_OBJC_ISA_USAGE = YES_ERROR;
				CLANG_WARN_DOCUMENTATION_COMMENTS = YES;
				CLANG_WARN_EMPTY_BODY = YES;
				CLANG_WARN_ENUM_CONVERSION = YES;
				CLANG_WARN_INFINITE_RECURSION = YES;
				CLANG_WARN_INT_CONVERSION = YES;
				CLANG_WARN_NON_LITERAL_NULL_CONVERSION = YES;
				CLANG_WARN_OBJC_LITERAL_CONVERSION = YES;
				CLANG_WARN_OBJC_ROOT_CLASS = YES_ERROR;
				CLANG_WARN_RANGE_LOOP_ANALYSIS = YES;
				CLANG_WARN_STRICT_PROTOTYPES = YES;
				CLANG_WARN_SUSPICIOUS_MOVE = YES;
				CLANG_WARN_UNGUARDED_AVAILABILITY = YES_AGGRESSIVE;
				CLANG_WARN_UNREACHABLE_CODE = YES;
				CLANG_WARN__DUPLICATE_METHOD_MATCH = YES;
				CODE_SIGN_IDENTITY = "iPhone Developer";
				COPY_PHASE_STRIP = NO;
				DEBUG_INFORMATION_FORMAT = "dwarf-with-dsym";
				ENABLE_NS_ASSERTIONS = NO;
				ENABLE_STRICT_OBJC_MSGSEND = YES;
				GCC_C_LANGUAGE_STANDARD = gnu11;
				GCC_NO_COMMON_BLOCKS = YES;
				GCC_WARN_64_TO_32_BIT_CONVERSION = YES;
				GCC_WARN_ABOUT_RETURN_TYPE = YES_ERROR;
				GCC_WARN_UNDECLARED_SELECTOR = YES;
				GCC_WARN_UNINITIALIZED_AUTOS = YES_AGGRESSIVE;
				GCC_WARN_UNUSED_FUNCTION = YES;
				GCC_WARN_UNUSED_VARIABLE = YES;
				IPHONEOS_DEPLOYMENT_TARGET = 11.2;
				MTL_ENABLE_DEBUG_INFO = NO;
				SDKROOT = iphoneos;
				SWIFT_OPTIMIZATION_LEVEL = "-Owholemodule";
				VALIDATE_PRODUCT = YES;
			};
			name = Release;
		};
		806595E220B5376B006A54AB /* Debug */ = {
			isa = XCBuildConfiguration;
			buildSettings = {
				ASSETCATALOG_COMPILER_APPICON_NAME = AppIcon;
				CODE_SIGN_STYLE = Automatic;
				DEVELOPMENT_TEAM = 35LE3CDPBJ;
				INFOPLIST_FILE = "Segment,switch,slider/Info.plist";
				LD_RUNPATH_SEARCH_PATHS = "$(inherited) @executable_path/Frameworks";
				PRODUCT_BUNDLE_IDENTIFIER = "com.trivedi.Segment-switch-slider";
				PRODUCT_NAME = "$(TARGET_NAME)";
				SWIFT_VERSION = 4.0;
				TARGETED_DEVICE_FAMILY = "1,2";
			};
			name = Debug;
		};
		806595E320B5376B006A54AB /* Release */ = {
			isa = XCBuildConfiguration;
			buildSettings = {
				ASSETCATALOG_COMPILER_APPICON_NAME = AppIcon;
				CODE_SIGN_STYLE = Automatic;
				DEVELOPMENT_TEAM = 35LE3CDPBJ;
				INFOPLIST_FILE = "Segment,switch,slider/Info.plist";
				LD_RUNPATH_SEARCH_PATHS = "$(inherited) @executable_path/Frameworks";
				PRODUCT_BUNDLE_IDENTIFIER = "com.trivedi.Segment-switch-slider";
				PRODUCT_NAME = "$(TARGET_NAME)";
				SWIFT_VERSION = 4.0;
				TARGETED_DEVICE_FAMILY = "1,2";
			};
			name = Release;
		};
/* End XCBuildConfiguration section */

/* Begin XCConfigurationList section */
		806595C720B5376B006A54AB /* Build configuration list for PBXProject "Segment,switch,slider" */ = {
			isa = XCConfigurationList;
			buildConfigurations = (
				806595DF20B5376B006A54AB /* Debug */,
				806595E020B5376B006A54AB /* Release */,
			);
			defaultConfigurationIsVisible = 0;
			defaultConfigurationName = Release;
		};
		806595E120B5376B006A54AB /* Build configuration list for PBXNativeTarget "Segment,switch,slider" */ = {
			isa = XCConfigurationList;
			buildConfigurations = (
				806595E220B5376B006A54AB /* Debug */,
				806595E320B5376B006A54AB /* Release */,
			);
			defaultConfigurationIsVisible = 0;
			defaultConfigurationName = Release;
		};
/* End XCConfigurationList section */

/* Begin XCVersionGroup section */
		806595D620B5376B006A54AB /* Segment_switch_slider.xcdatamodeld */ = {
			isa = XCVersionGroup;
			children = (
				806595D720B5376B006A54AB /* Segment_switch_slider.xcdatamodel */,
			);
			currentVersion = 806595D720B5376B006A54AB /* Segment_switch_slider.xcdatamodel */;
			path = Segment_switch_slider.xcdatamodeld;
			sourceTree = "<group>";
			versionGroupType = wrapper.xcdatamodel;
		};
/* End XCVersionGroup section */
	};
	rootObject = 806595C420B5376B006A54AB /* Project object */;
}
